
Microsoft Visual Studio Solution File, Format Version 12.00
# Visual Studio Version 17
VisualStudioVersion = 17.14.36717.8 d17.14
MinimumVisualStudioVersion = 10.0.40219.1
Project("{FAE04EC0-301F-11D3-BF4B-00C04F79EFBC}") = "ZXTL", "ZXTL.csproj", "{BE0F4EE0-B132-4C27-9874-0C69A41184AC}"
EndProject
Global
	GlobalSection(SolutionConfigurationPlatforms) = preSolution
		Debug|Any CPU = Debug|Any CPU
		Release|Any CPU = Release|Any CPU
	EndGlobalSection
	GlobalSection(ProjectConfigurationPlatforms) = postSolution
		{BE0F4EE0-B132-4C27-9874-0C69A41184AC}.Debug|Any CPU.ActiveCfg = Debug|Any CPU
		{BE0F4EE0-B132-4C27-9874-0C69A41184AC}.Debug|Any CPU.Build.0 = Debug|Any CPU
		{BE0F4EE0-B132-4C27-9874-0C69A41184AC}.Release|Any CPU.ActiveCfg = Release|Any CPU
		{BE0F4EE0-B132-4C27-9874-0C69A41184AC}.Release|Any CPU.Build.0 = Release|Any CPU
	EndGlobalSection
	GlobalSection(SolutionProperties) = preSolution
		HideSolutionNode = FALSE
	EndGlobalSection
	GlobalSection(ExtensibilityGlobals) = postSolution
		SolutionGuid = {85F176EF-F96A-4DC1-B207-4609C7339380}
	EndGlobalSection
EndGlobal
